// !$*UTF8*$!
{
	archiveVersion = 1;
	classes = {
	};
	objectVersion = 46;
	objects = {

/* Begin PBXBuildFile section */
		84B018C01CB61D6800CA8CE9 /* main.m in Sources */ = {isa = PBXBuildFile; fileRef = 84B018BF1CB61D6800CA8CE9 /* main.m */; };
		84B018C31CB61D6800CA8CE9 /* AppDelegate.m in Sources */ = {isa = PBXBuildFile; fileRef = 84B018C21CB61D6800CA8CE9 /* AppDelegate.m */; };
		84B018C61CB61D6800CA8CE9 /* ViewController.m in Sources */ = {isa = PBXBuildFile; fileRef = 84B018C51CB61D6800CA8CE9 /* ViewController.m */; };
		84B018C91CB61D6800CA8CE9 /* Main.storyboard in Resources */ = {isa = PBXBuildFile; fileRef = 84B018C71CB61D6800CA8CE9 /* Main.storyboard */; };
		84B018CB1CB61D6800CA8CE9 /* Assets.xcassets in Resources */ = {isa = PBXBuildFile; fileRef = 84B018CA1CB61D6800CA8CE9 /* Assets.xcassets */; };
		84B018CE1CB61D6800CA8CE9 /* LaunchScreen.storyboard in Resources */ = {isa = PBXBuildFile; fileRef = 84B018CC1CB61D6800CA8CE9 /* LaunchScreen.storyboard */; };
		84B018D91CB61D6900CA8CE9 /* ImagePickerTests.m in Sources */ = {isa = PBXBuildFile; fileRef = 84B018D81CB61D6900CA8CE9 /* ImagePickerTests.m */; };
		84B018E41CB61D6900CA8CE9 /* ImagePickerUITests.m in Sources */ = {isa = PBXBuildFile; fileRef = 84B018E31CB61D6900CA8CE9 /* ImagePickerUITests.m */; };
/* End PBXBuildFile section */

/* Begin PBXContainerItemProxy section */
		84B018D51CB61D6800CA8CE9 /* PBXContainerItemProxy */ = {
			isa = PBXContainerItemProxy;
			containerPortal = 84B018B31CB61D6800CA8CE9 /* Project object */;
			proxyType = 1;
			remoteGlobalIDString = 84B018BA1CB61D6800CA8CE9;
			remoteInfo = ImagePicker;
		};
		84B018E01CB61D6900CA8CE9 /* PBXContainerItemProxy */ = {
			isa = PBXContainerItemProxy;
			containerPortal = 84B018B31CB61D6800CA8CE9 /* Project object */;
			proxyType = 1;
			remoteGlobalIDString = 84B018BA1CB61D6800CA8CE9;
			remoteInfo = ImagePicker;
		};
/* End PBXContainerItemProxy section */

/* Begin PBXFileReference section */
		84B018BB1CB61D6800CA8CE9 /* ImagePicker.app */ = {isa = PBXFileReference; explicitFileType = wrapper.application; includeInIndex = 0; path = ImagePicker.app; sourceTree = BUILT_PRODUCTS_DIR; };
		84B018BF1CB61D6800CA8CE9 /* main.m */ = {isa = PBXFileReference; lastKnownFileType = sourcecode.c.objc; path = main.m; sourceTree = "<group>"; };
		84B018C11CB61D6800CA8CE9 /* AppDelegate.h */ = {isa = PBXFileReference; lastKnownFileType = sourcecode.c.h; path = AppDelegate.h; sourceTree = "<group>"; };
		84B018C21CB61D6800CA8CE9 /* AppDelegate.m */ = {isa = PBXFileReference; lastKnownFileType = sourcecode.c.objc; path = AppDelegate.m; sourceTree = "<group>"; };
		84B018C41CB61D6800CA8CE9 /* ViewController.h */ = {isa = PBXFileReference; lastKnownFileType = sourcecode.c.h; path = ViewController.h; sourceTree = "<group>"; };
		84B018C51CB61D6800CA8CE9 /* ViewController.m */ = {isa = PBXFileReference; lastKnownFileType = sourcecode.c.objc; path = ViewController.m; sourceTree = "<group>"; };
		84B018C81CB61D6800CA8CE9 /* Base */ = {isa = PBXFileReference; lastKnownFileType = file.storyboard; name = Base; path = Base.lproj/Main.storyboard; sourceTree = "<group>"; };
		84B018CA1CB61D6800CA8CE9 /* Assets.xcassets */ = {isa = PBXFileReference; lastKnownFileType = folder.assetcatalog; path = Assets.xcassets; sourceTree = "<group>"; };
		84B018CD1CB61D6800CA8CE9 /* Base */ = {isa = PBXFileReference; lastKnownFileType = file.storyboard; name = Base; path = Base.lproj/LaunchScreen.storyboard; sourceTree = "<group>"; };
		84B018CF1CB61D6800CA8CE9 /* Info.plist */ = {isa = PBXFileReference; lastKnownFileType = text.plist.xml; path = Info.plist; sourceTree = "<group>"; };
		84B018D41CB61D6800CA8CE9 /* ImagePickerTests.xctest */ = {isa = PBXFileReference; explicitFileType = wrapper.cfbundle; includeInIndex = 0; path = ImagePickerTests.xctest; sourceTree = BUILT_PRODUCTS_DIR; };
		84B018D81CB61D6900CA8CE9 /* ImagePickerTests.m */ = {isa = PBXFileReference; lastKnownFileType = sourcecode.c.objc; path = ImagePickerTests.m; sourceTree = "<group>"; };
		84B018DA1CB61D6900CA8CE9 /* Info.plist */ = {isa = PBXFileReference; lastKnownFileType = text.plist.xml; path = Info.plist; sourceTree = "<group>"; };
		84B018DF1CB61D6900CA8CE9 /* ImagePickerUITests.xctest */ = {isa = PBXFileReference; explicitFileType = wrapper.cfbundle; includeInIndex = 0; path = ImagePickerUITests.xctest; sourceTree = BUILT_PRODUCTS_DIR; };
		84B018E31CB61D6900CA8CE9 /* ImagePickerUITests.m */ = {isa = PBXFileReference; lastKnownFileType = sourcecode.c.objc; path = ImagePickerUITests.m; sourceTree = "<group>"; };
		84B018E51CB61D6900CA8CE9 /* Info.plist */ = {isa = PBXFileReference; lastKnownFileType = text.plist.xml; path = Info.plist; sourceTree = "<group>"; };
/* End PBXFileReference section */

/* Begin PBXFrameworksBuildPhase section */
		84B018B81CB61D6800CA8CE9 /* Frameworks */ = {
			isa = PBXFrameworksBuildPhase;
			buildActionMask = 2147483647;
			files = (
			);
			runOnlyForDeploymentPostprocessing = 0;
		};
		84B018D11CB61D6800CA8CE9 /* Frameworks */ = {
			isa = PBXFrameworksBuildPhase;
			buildActionMask = 2147483647;
			files = (
			);
			runOnlyForDeploymentPostprocessing = 0;
		};
		84B018DC1CB61D6900CA8CE9 /* Frameworks */ = {
			isa = PBXFrameworksBuildPhase;
			buildActionMask = 2147483647;
			files = (
			);
			runOnlyForDeploymentPostprocessing = 0;
		};
/* End PBXFrameworksBuildPhase section */

/* Begin PBXGroup section */
		84B018B21CB61D6800CA8CE9 = {
			isa = PBXGroup;
			children = (
				84B018BD1CB61D6800CA8CE9 /* ImagePicker */,
				84B018D71CB61D6900CA8CE9 /* ImagePickerTests */,
				84B018E21CB61D6900CA8CE9 /* ImagePickerUITests */,
				84B018BC1CB61D6800CA8CE9 /* Products */,
			);
			sourceTree = "<group>";
		};
		84B018BC1CB61D6800CA8CE9 /* Products */ = {
			isa = PBXGroup;
			children = (
				84B018BB1CB61D6800CA8CE9 /* ImagePicker.app */,
				84B018D41CB61D6800CA8CE9 /* ImagePickerTests.xctest */,
				84B018DF1CB61D6900CA8CE9 /* ImagePickerUITests.xctest */,
			);
			name = Products;
			sourceTree = "<group>";
		};
		84B018BD1CB61D6800CA8CE9 /* ImagePicker */ = {
			isa = PBXGroup;
			children = (
				84B018C11CB61D6800CA8CE9 /* AppDelegate.h */,
				84B018C21CB61D6800CA8CE9 /* AppDelegate.m */,
				84B018C41CB61D6800CA8CE9 /* ViewController.h */,
				84B018C51CB61D6800CA8CE9 /* ViewController.m */,
				84B018C71CB61D6800CA8CE9 /* Main.storyboard */,
				84B018CA1CB61D6800CA8CE9 /* Assets.xcassets */,
				84B018CC1CB61D6800CA8CE9 /* LaunchScreen.storyboard */,
				84B018CF1CB61D6800CA8CE9 /* Info.plist */,
				84B018BE1CB61D6800CA8CE9 /* Supporting Files */,
			);
			path = ImagePicker;
			sourceTree = "<group>";
		};
		84B018BE1CB61D6800CA8CE9 /* Supporting Files */ = {
			isa = PBXGroup;
			children = (
				84B018BF1CB61D6800CA8CE9 /* main.m */,
			);
			name = "Supporting Files";
			sourceTree = "<group>";
		};
		84B018D71CB61D6900CA8CE9 /* ImagePickerTests */ = {
			isa = PBXGroup;
			children = (
				84B018D81CB61D6900CA8CE9 /* ImagePickerTests.m */,
				84B018DA1CB61D6900CA8CE9 /* Info.plist */,
			);
			path = ImagePickerTests;
			sourceTree = "<group>";
		};
		84B018E21CB61D6900CA8CE9 /* ImagePickerUITests */ = {
			isa = PBXGroup;
			children = (
				84B018E31CB61D6900CA8CE9 /* ImagePickerUITests.m */,
				84B018E51CB61D6900CA8CE9 /* Info.plist */,
			);
			path = ImagePickerUITests;
			sourceTree = "<group>";
		};
/* End PBXGroup section */

/* Begin PBXNativeTarget section */
		84B018BA1CB61D6800CA8CE9 /* ImagePicker */ = {
			isa = PBXNativeTarget;
			buildConfigurationList = 84B018E81CB61D6900CA8CE9 /* Build configuration list for PBXNativeTarget "ImagePicker" */;
			buildPhases = (
				84B018B71CB61D6800CA8CE9 /* Sources */,
				84B018B81CB61D6800CA8CE9 /* Frameworks */,
				84B018B91CB61D6800CA8CE9 /* Resources */,
			);
			buildRules = (
			);
			dependencies = (
			);
			name = ImagePicker;
			productName = ImagePicker;
			productReference = 84B018BB1CB61D6800CA8CE9 /* ImagePicker.app */;
			productType = "com.apple.product-type.application";
		};
		84B018D31CB61D6800CA8CE9 /* ImagePickerTests */ = {
			isa = PBXNativeTarget;
			buildConfigurationList = 84B018EB1CB61D6900CA8CE9 /* Build configuration list for PBXNativeTarget "ImagePickerTests" */;
			buildPhases = (
				84B018D01CB61D6800CA8CE9 /* Sources */,
				84B018D11CB61D6800CA8CE9 /* Frameworks */,
				84B018D21CB61D6800CA8CE9 /* Resources */,
			);
			buildRules = (
			);
			dependencies = (
				84B018D61CB61D6800CA8CE9 /* PBXTargetDependency */,
			);
			name = ImagePickerTests;
			productName = ImagePickerTests;
			productReference = 84B018D41CB61D6800CA8CE9 /* ImagePickerTests.xctest */;
			productType = "com.apple.product-type.bundle.unit-test";
		};
		84B018DE1CB61D6900CA8CE9 /* ImagePickerUITests */ = {
			isa = PBXNativeTarget;
			buildConfigurationList = 84B018EE1CB61D6900CA8CE9 /* Build configuration list for PBXNativeTarget "ImagePickerUITests" */;
			buildPhases = (
				84B018DB1CB61D6900CA8CE9 /* Sources */,
				84B018DC1CB61D6900CA8CE9 /* Frameworks */,
				84B018DD1CB61D6900CA8CE9 /* Resources */,
			);
			buildRules = (
			);
			dependencies = (
				84B018E11CB61D6900CA8CE9 /* PBXTargetDependency */,
			);
			name = ImagePickerUITests;
			productName = ImagePickerUITests;
			productReference = 84B018DF1CB61D6900CA8CE9 /* ImagePickerUITests.xctest */;
			productType = "com.apple.product-type.bundle.ui-testing";
		};
/* End PBXNativeTarget section */

/* Begin PBXProject section */
		84B018B31CB61D6800CA8CE9 /* Project object */ = {
			isa = PBXProject;
			attributes = {
				LastUpgradeCheck = 0720;
				ORGANIZATIONNAME = zhangwenqiang;
				TargetAttributes = {
					84B018BA1CB61D6800CA8CE9 = {
						CreatedOnToolsVersion = 7.2.1;
					};
					84B018D31CB61D6800CA8CE9 = {
						CreatedOnToolsVersion = 7.2.1;
						TestTargetID = 84B018BA1CB61D6800CA8CE9;
					};
					84B018DE1CB61D6900CA8CE9 = {
						CreatedOnToolsVersion = 7.2.1;
						TestTargetID = 84B018BA1CB61D6800CA8CE9;
					};
				};
			};
			buildConfigurationList = 84B018B61CB61D6800CA8CE9 /* Build configuration list for PBXProject "ImagePicker" */;
			compatibilityVersion = "Xcode 3.2";
			developmentRegion = English;
			hasScannedForEncodings = 0;
			knownRegions = (
				en,
				Base,
			);
			mainGroup = 84B018B21CB61D6800CA8CE9;
			productRefGroup = 84B018BC1CB61D6800CA8CE9 /* Products */;
			projectDirPath = "";
			projectRoot = "";
			targets = (
				84B018BA1CB61D6800CA8CE9 /* ImagePicker */,
				84B018D31CB61D6800CA8CE9 /* ImagePickerTests */,
				84B018DE1CB61D6900CA8CE9 /* ImagePickerUITests */,
			);
		};
/* End PBXProject section */

/* Begin PBXResourcesBuildPhase section */
		84B018B91CB61D6800CA8CE9 /* Resources */ = {
			isa = PBXResourcesBuildPhase;
			buildActionMask = 2147483647;
			files = (
				84B018CE1CB61D6800CA8CE9 /* LaunchScreen.storyboard in Resources */,
				84B018CB1CB61D6800CA8CE9 /* Assets.xcassets in Resources */,
				84B018C91CB61D6800CA8CE9 /* Main.storyboard in Resources */,
			);
			runOnlyForDeploymentPostprocessing = 0;
		};
		84B018D21CB61D6800CA8CE9 /* Resources */ = {
			isa = PBXResourcesBuildPhase;
			buildActionMask = 2147483647;
			files = (
			);
			runOnlyForDeploymentPostprocessing = 0;
		};
		84B018DD1CB61D6900CA8CE9 /* Resources */ = {
			isa = PBXResourcesBuildPhase;
			buildActionMask = 2147483647;
			files = (
			);
			runOnlyForDeploymentPostprocessing = 0;
		};
/* End PBXResourcesBuildPhase section */

/* Begin PBXSourcesBuildPhase section */
		84B018B71CB61D6800CA8CE9 /* Sources */ = {
			isa = PBXSourcesBuildPhase;
			buildActionMask = 2147483647;
			files = (
				84B018C61CB61D6800CA8CE9 /* ViewController.m in Sources */,
				84B018C31CB61D6800CA8CE9 /* AppDelegate.m in Sources */,
				84B018C01CB61D6800CA8CE9 /* main.m in Sources */,
			);
			runOnlyForDeploymentPostprocessing = 0;
		};
		84B018D01CB61D6800CA8CE9 /* Sources */ = {
			isa = PBXSourcesBuildPhase;
			buildActionMask = 2147483647;
			files = (
				84B018D91CB61D6900CA8CE9 /* ImagePickerTests.m in Sources */,
			);
			runOnlyForDeploymentPostprocessing = 0;
		};
		84B018DB1CB61D6900CA8CE9 /* Sources */ = {
			isa = PBXSourcesBuildPhase;
			buildActionMask = 2147483647;
			files = (
				84B018E41CB61D6900CA8CE9 /* ImagePickerUITests.m in Sources */,
			);
			runOnlyForDeploymentPostprocessing = 0;
		};
/* End PBXSourcesBuildPhase section */

/* Begin PBXTargetDependency section */
		84B018D61CB61D6800CA8CE9 /* PBXTargetDependency */ = {
			isa = PBXTargetDependency;
			target = 84B018BA1CB61D6800CA8CE9 /* ImagePicker */;
			targetProxy = 84B018D51CB61D6800CA8CE9 /* PBXContainerItemProxy */;
		};
		84B018E11CB61D6900CA8CE9 /* PBXTargetDependency */ = {
			isa = PBXTargetDependency;
			target = 84B018BA1CB61D6800CA8CE9 /* ImagePicker */;
			targetProxy = 84B018E01CB61D6900CA8CE9 /* PBXContainerItemProxy */;
		};
/* End PBXTargetDependency section */

/* Begin PBXVariantGroup section */
		84B018C71CB61D6800CA8CE9 /* Main.storyboard */ = {
			isa = PBXVariantGroup;
			children = (
				84B018C81CB61D6800CA8CE9 /* Base */,
			);
			name = Main.storyboard;
			sourceTree = "<group>";
		};
		84B018CC1CB61D6800CA8CE9 /* LaunchScreen.storyboard */ = {
			isa = PBXVariantGroup;
			children = (
				84B018CD1CB61D6800CA8CE9 /* Base */,
			);
			name = LaunchScreen.storyboard;
			sourceTree = "<group>";
		};
/* End PBXVariantGroup section */

/* Begin XCBuildConfiguration section */
		84B018E61CB61D6900CA8CE9 /* Debug */ = {
			isa = XCBuildConfiguration;
			buildSettings = {
				ALWAYS_SEARCH_USER_PATHS = NO;
				CLANG_CXX_LANGUAGE_STANDARD = "gnu++0x";
				CLANG_CXX_LIBRARY = "libc++";
				CLANG_ENABLE_MODULES = YES;
				CLANG_ENABLE_OBJC_ARC = YES;
				CLANG_WARN_BOOL_CONVERSION = YES;
				CLANG_WARN_CONSTANT_CONVERSION = YES;
				CLANG_WARN_DIRECT_OBJC_ISA_USAGE = YES_ERROR;
				CLANG_WARN_EMPTY_BODY = YES;
				CLANG_WARN_ENUM_CONVERSION = YES;
				CLANG_WARN_INT_CONVERSION = YES;
				CLANG_WARN_OBJC_ROOT_CLASS = YES_ERROR;
				CLANG_WARN_UNREACHABLE_CODE = YES;
				CLANG_WARN__DUPLICATE_METHOD_MATCH = YES;
				"CODE_SIGN_IDENTITY[sdk=iphoneos*]" = "iPhone Developer";
				COPY_PHASE_STRIP = NO;
				DEBUG_INFORMATION_FORMAT = dwarf;
				ENABLE_STRICT_OBJC_MSGSEND = YES;
				ENABLE_TESTABILITY = YES;
				GCC_C_LANGUAGE_STANDARD = gnu99;
				GCC_DYNAMIC_NO_PIC = NO;
				GCC_NO_COMMON_BLOCKS = YES;
				GCC_OPTIMIZATION_LEVEL = 0;
				GCC_PREPROCESSOR_DEFINITIONS = (
					"DEBUG=1",
					"$(inherited)",
				);
				GCC_WARN_64_TO_32_BIT_CONVERSION = YES;
				GCC_WARN_ABOUT_RETURN_TYPE = YES_ERROR;
				GCC_WARN_UNDECLARED_SELECTOR = YES;
				GCC_WARN_UNINITIALIZED_AUTOS = YES_AGGRESSIVE;
				GCC_WARN_UNUSED_FUNCTION = YES;
				GCC_WARN_UNUSED_VARIABLE = YES;
				IPHONEOS_DEPLOYMENT_TARGET = 9.2;
				MTL_ENABLE_DEBUG_INFO = YES;
				ONLY_ACTIVE_ARCH = YES;
				SDKROOT = iphoneos;
			};
			name = Debug;
		};
		84B018E71CB61D6900CA8CE9 /* Release */ = {
			isa = XCBuildConfiguration;
			buildSettings = {
				ALWAYS_SEARCH_USER_PATHS = NO;
				CLANG_CXX_LANGUAGE_STANDARD = "gnu++0x";
				CLANG_CXX_LIBRARY = "libc++";
				CLANG_ENABLE_MODULES = YES;
				CLANG_ENABLE_OBJC_ARC = YES;
				CLANG_WARN_BOOL_CONVERSION = YES;
				CLANG_WARN_CONSTANT_CONVERSION = YES;
				CLANG_WARN_DIRECT_OBJC_ISA_USAGE = YES_ERROR;
				CLANG_WARN_EMPTY_BODY = YES;
				CLANG_WARN_ENUM_CONVERSION = YES;
				CLANG_WARN_INT_CONVERSION = YES;
				CLANG_WARN_OBJC_ROOT_CLASS = YES_ERROR;
				CLANG_WARN_UNREACHABLE_CODE = YES;
				CLANG_WARN__DUPLICATE_METHOD_MATCH = YES;
				"CODE_SIGN_IDENTITY[sdk=iphoneos*]" = "iPhone Developer";
				COPY_PHASE_STRIP = NO;
				DEBUG_INFORMATION_FORMAT = "dwarf-with-dsym";
				ENABLE_NS_ASSERTIONS = NO;
				ENABLE_STRICT_OBJC_MSGSEND = YES;
				GCC_C_LANGUAGE_STANDARD = gnu99;
				GCC_NO_COMMON_BLOCKS = YES;
				GCC_WARN_64_TO_32_BIT_CONVERSION = YES;
				GCC_WARN_ABOUT_RETURN_TYPE = YES_ERROR;
				GCC_WARN_UNDECLARED_SELECTOR = YES;
				GCC_WARN_UNINITIALIZED_AUTOS = YES_AGGRESSIVE;
				GCC_WARN_UNUSED_FUNCTION = YES;
				GCC_WARN_UNUSED_VARIABLE = YES;
				IPHONEOS_DEPLOYMENT_TARGET = 9.2;
				MTL_ENABLE_DEBUG_INFO = NO;
				SDKROOT = iphoneos;
				VALIDATE_PRODUCT = YES;
			};
			name = Release;
		};
		84B018E91CB61D6900CA8CE9 /* Debug */ = {
			isa = XCBuildConfiguration;
			buildSettings = {
				ASSETCATALOG_COMPILER_APPICON_NAME = AppIcon;
				INFOPLIST_FILE = ImagePicker/Info.plist;
				LD_RUNPATH_SEARCH_PATHS = "$(inherited) @executable_path/Frameworks";
				PRODUCT_BUNDLE_IDENTIFIER = com.sheyuan.message.ImagePicker;
				PRODUCT_NAME = "$(TARGET_NAME)";
			};
			name = Debug;
		};
		84B018EA1CB61D6900CA8CE9 /* Release */ = {
			isa = XCBuildConfiguration;
			buildSettings = {
				ASSETCATALOG_COMPILER_APPICON_NAME = AppIcon;
				INFOPLIST_FILE = ImagePicker/Info.plist;
				LD_RUNPATH_SEARCH_PATHS = "$(inherited) @executable_path/Frameworks";
				PRODUCT_BUNDLE_IDENTIFIER = com.sheyuan.message.ImagePicker;
				PRODUCT_NAME = "$(TARGET_NAME)";
			};
			name = Release;
		};
		84B018EC1CB61D6900CA8CE9 /* Debug */ = {
			isa = XCBuildConfiguration;
			buildSettings = {
				BUNDLE_LOADER = "$(TEST_HOST)";
				INFOPLIST_FILE = ImagePickerTests/Info.plist;
				LD_RUNPATH_SEARCH_PATHS = "$(inherited) @executable_path/Frameworks @loader_path/Frameworks";
				PRODUCT_BUNDLE_IDENTIFIER = com.sheyuan.message.ImagePickerTests;
				PRODUCT_NAME = "$(TARGET_NAME)";
				TEST_HOST = "$(BUILT_PRODUCTS_DIR)/ImagePicker.app/ImagePicker";
			};
			name = Debug;
		};
		84B018ED1CB61D6900CA8CE9 /* Release */ = {
			isa = XCBuildConfiguration;
			buildSettings = {
				BUNDLE_LOADER = "$(TEST_HOST)";
				INFOPLIST_FILE = ImagePickerTests/Info.plist;
				LD_RUNPATH_SEARCH_PATHS = "$(inherited) @executable_path/Frameworks @loader_path/Frameworks";
				PRODUCT_BUNDLE_IDENTIFIER = com.sheyuan.message.ImagePickerTests;
				PRODUCT_NAME = "$(TARGET_NAME)";
				TEST_HOST = "$(BUILT_PRODUCTS_DIR)/ImagePicker.app/ImagePicker";
			};
			name = Release;
		};
		84B018EF1CB61D6900CA8CE9 /* Debug */ = {
			isa = XCBuildConfiguration;
			buildSettings = {
				INFOPLIST_FILE = ImagePickerUITests/Info.plist;
				LD_RUNPATH_SEARCH_PATHS = "$(inherited) @executable_path/Frameworks @loader_path/Frameworks";
				PRODUCT_BUNDLE_IDENTIFIER = com.sheyuan.message.ImagePickerUITests;
				PRODUCT_NAME = "$(TARGET_NAME)";
				TEST_TARGET_NAME = ImagePicker;
				USES_XCTRUNNER = YES;
			};
			name = Debug;
		};
		84B018F01CB61D6900CA8CE9 /* Release */ = {
			isa = XCBuildConfiguration;
			buildSettings = {
				INFOPLIST_FILE = ImagePickerUITests/Info.plist;
				LD_RUNPATH_SEARCH_PATHS = "$(inherited) @executable_path/Frameworks @loader_path/Frameworks";
				PRODUCT_BUNDLE_IDENTIFIER = com.sheyuan.message.ImagePickerUITests;
				PRODUCT_NAME = "$(TARGET_NAME)";
				TEST_TARGET_NAME = ImagePicker;
				USES_XCTRUNNER = YES;
			};
			name = Release;
		};
/* End XCBuildConfiguration section */

/* Begin XCConfigurationList section */
		84B018B61CB61D6800CA8CE9 /* Build configuration list for PBXProject "ImagePicker" */ = {
			isa = XCConfigurationList;
			buildConfigurations = (
				84B018E61CB61D6900CA8CE9 /* Debug */,
				84B018E71CB61D6900CA8CE9 /* Release */,
			);
			defaultConfigurationIsVisible = 0;
			defaultConfigurationName = Release;
		};
		84B018E81CB61D6900CA8CE9 /* Build configuration list for PBXNativeTarget "ImagePicker" */ = {
			isa = XCConfigurationList;
			buildConfigurations = (
				84B018E91CB61D6900CA8CE9 /* Debug */,
				84B018EA1CB61D6900CA8CE9 /* Release */,
			);
			defaultConfigurationIsVisible = 0;
		};
		84B018EB1CB61D6900CA8CE9 /* Build configuration list for PBXNativeTarget "ImagePickerTests" */ = {
			isa = XCConfigurationList;
			buildConfigurations = (
				84B018EC1CB61D6900CA8CE9 /* Debug */,
				84B018ED1CB61D6900CA8CE9 /* Release */,
			);
			defaultConfigurationIsVisible = 0;
		};
		84B018EE1CB61D6900CA8CE9 /* Build configuration list for PBXNativeTarget "ImagePickerUITests" */ = {
			isa = XCConfigurationList;
			buildConfigurations = (
				84B018EF1CB61D6900CA8CE9 /* Debug */,
				84B018F01CB61D6900CA8CE9 /* Release */,
			);
			defaultConfigurationIsVisible = 0;
		};
/* End XCConfigurationList section */
	};
	rootObject = 84B018B31CB61D6800CA8CE9 /* Project object */;
}
